
Microsoft Visual Studio Solution File, Format Version 12.00
# Visual Studio 15
VisualStudioVersion = 15.0.26430.6
MinimumVisualStudioVersion = 10.0.40219.1
Project("{FAE04EC0-301F-11D3-BF4B-00C04F79EFBC}") = "BowlingScorer.Domain", "BowlingScorer.Domain\BowlingScorer.Domain.csproj", "{5AD6A00A-653F-4D26-9CF7-AF3FEA3404C3}"
EndProject
Project("{FAE04EC0-301F-11D3-BF4B-00C04F79EFBC}") = "BowlingScorer.Tests", "BowlingScorer.Tests\BowlingScorer.Tests.csproj", "{9359BBC9-1D32-4B4C-81E5-A858E18D9EDE}"
EndProject
Global
	GlobalSection(SolutionConfigurationPlatforms) = preSolution
		Debug|Any CPU = Debug|Any CPU
		Release|Any CPU = Release|Any CPU
	EndGlobalSection
	GlobalSection(ProjectConfigurationPlatforms) = postSolution
		{5AD6A00A-653F-4D26-9CF7-AF3FEA3404C3}.Debug|Any CPU.ActiveCfg = Debug|Any CPU
		{5AD6A00A-653F-4D26-9CF7-AF3FEA3404C3}.Debug|Any CPU.Build.0 = Debug|Any CPU
		{5AD6A00A-653F-4D26-9CF7-AF3FEA3404C3}.Release|Any CPU.ActiveCfg = Release|Any CPU
		{5AD6A00A-653F-4D26-9CF7-AF3FEA3404C3}.Release|Any CPU.Build.0 = Release|Any CPU
		{9359BBC9-1D32-4B4C-81E5-A858E18D9EDE}.Debug|Any CPU.ActiveCfg = Debug|Any CPU
		{9359BBC9-1D32-4B4C-81E5-A858E18D9EDE}.Debug|Any CPU.Build.0 = Debug|Any CPU
		{9359BBC9-1D32-4B4C-81E5-A858E18D9EDE}.Release|Any CPU.ActiveCfg = Release|Any CPU
		{9359BBC9-1D32-4B4C-81E5-A858E18D9EDE}.Release|Any CPU.Build.0 = Release|Any CPU
	EndGlobalSection
	GlobalSection(SolutionProperties) = preSolution
		HideSolutionNode = FALSE
	EndGlobalSection
EndGlobal
